Microsoft Visual Studio Solution File, Format Version 12.00
# Visual Studio Version 17
VisualStudioVersion = 17.5.2.0
MinimumVisualStudioVersion = 10.0.40219.1
Project("{FAE04EC0-301F-11D3-BF4B-00C04F79EFBC}") = "M4_Interactively-Debug-NET-Apps-With-VSCode-Debugger", "M4_Interactively-Debug-NET-Apps-With-VSCode-Debugger.csproj", "{90805A5F-1BFF-729D-C6B9-4C767DA4C6D9}"
EndProject
Global
	GlobalSection(SolutionConfigurationPlatforms) = preSolution
		Debug|Any CPU = Debug|Any CPU
		Release|Any CPU = Release|Any CPU
	EndGlobalSection
	GlobalSection(ProjectConfigurationPlatforms) = postSolution
		{90805A5F-1BFF-729D-C6B9-4C767DA4C6D9}.Debug|Any CPU.ActiveCfg = Debug|Any CPU
		{90805A5F-1BFF-729D-C6B9-4C767DA4C6D9}.Debug|Any CPU.Build.0 = Debug|Any CPU
		{90805A5F-1BFF-729D-C6B9-4C767DA4C6D9}.Release|Any CPU.ActiveCfg = Release|Any CPU
		{90805A5F-1BFF-729D-C6B9-4C767DA4C6D9}.Release|Any CPU.Build.0 = Release|Any CPU
	EndGlobalSection
	GlobalSection(SolutionProperties) = preSolution
		HideSolutionNode = FALSE
	EndGlobalSection
	GlobalSection(ExtensibilityGlobals) = postSolution
		SolutionGuid = {B20B370A-2693-431A-B3A0-0BAB9E6045F4}
	EndGlobalSection
EndGlobal
