Microsoft Visual Studio Solution File, Format Version 12.00
# Visual Studio Version 17
VisualStudioVersion = 17.5.2.0
MinimumVisualStudioVersion = 10.0.40219.1
Project("{FAE04EC0-301F-11D3-BF4B-00C04F79EFBC}") = "M6_Create-A-Web-API-With-ASPNET-Core-Controllers", "M6_Create-A-Web-API-With-ASPNET-Core-Controllers.csproj", "{35B79587-7DB8-34F1-A5D5-3D033E3EAD0E}"
EndProject
Global
	GlobalSection(SolutionConfigurationPlatforms) = preSolution
		Debug|Any CPU = Debug|Any CPU
		Release|Any CPU = Release|Any CPU
	EndGlobalSection
	GlobalSection(ProjectConfigurationPlatforms) = postSolution
		{35B79587-7DB8-34F1-A5D5-3D033E3EAD0E}.Debug|Any CPU.ActiveCfg = Debug|Any CPU
		{35B79587-7DB8-34F1-A5D5-3D033E3EAD0E}.Debug|Any CPU.Build.0 = Debug|Any CPU
		{35B79587-7DB8-34F1-A5D5-3D033E3EAD0E}.Release|Any CPU.ActiveCfg = Release|Any CPU
		{35B79587-7DB8-34F1-A5D5-3D033E3EAD0E}.Release|Any CPU.Build.0 = Release|Any CPU
	EndGlobalSection
	GlobalSection(SolutionProperties) = preSolution
		HideSolutionNode = FALSE
	EndGlobalSection
	GlobalSection(ExtensibilityGlobals) = postSolution
		SolutionGuid = {46665331-0E35-491B-A304-D652156228D5}
	EndGlobalSection
EndGlobal
