
Microsoft Visual Studio Solution File, Format Version 12.00
# Visual Studio Version 17
VisualStudioVersion = 17.0.31903.59
MinimumVisualStudioVersion = 10.0.40219.1
Project("{FAE04EC0-301F-11D3-BF4B-00C04F79EFBC}") = "Bank", "Bank\Bank.csproj", "{79604FBD-661B-44D1-9EE7-C55C4EAE3C1E}"
EndProject
Global
	GlobalSection(SolutionConfigurationPlatforms) = preSolution
		Debug|Any CPU = Debug|Any CPU
		Release|Any CPU = Release|Any CPU
	EndGlobalSection
	GlobalSection(SolutionProperties) = preSolution
		HideSolutionNode = FALSE
	EndGlobalSection
	GlobalSection(ProjectConfigurationPlatforms) = postSolution
		{3C42C90C-949B-45DE-A7A2-C17A15B72817}.Debug|Any CPU.ActiveCfg = Debug|Any CPU
		{3C42C90C-949B-45DE-A7A2-C17A15B72817}.Debug|Any CPU.Build.0 = Debug|Any CPU
		{3C42C90C-949B-45DE-A7A2-C17A15B72817}.Release|Any CPU.ActiveCfg = Release|Any CPU
		{3C42C90C-949B-45DE-A7A2-C17A15B72817}.Release|Any CPU.Build.0 = Release|Any CPU
		{79604FBD-661B-44D1-9EE7-C55C4EAE3C1E}.Debug|Any CPU.ActiveCfg = Debug|Any CPU
		{79604FBD-661B-44D1-9EE7-C55C4EAE3C1E}.Debug|Any CPU.Build.0 = Debug|Any CPU
		{79604FBD-661B-44D1-9EE7-C55C4EAE3C1E}.Release|Any CPU.ActiveCfg = Release|Any CPU
		{79604FBD-661B-44D1-9EE7-C55C4EAE3C1E}.Release|Any CPU.Build.0 = Release|Any CPU
	EndGlobalSection

EndGlobal
