Microsoft Visual Studio Solution File, Format Version 12.00
# Visual Studio Version 17
VisualStudioVersion = 17.5.2.0
MinimumVisualStudioVersion = 10.0.40219.1
Project("{FAE04EC0-301F-11D3-BF4B-00C04F79EFBC}") = "M2_Store-And-Retrieve-JSON-Files", "M2_Store-And-Retrieve-JSON-Files.csproj", "{99EB0731-CC05-25A2-731A-0B935BCDDD94}"
EndProject
Global
	GlobalSection(SolutionConfigurationPlatforms) = preSolution
		Debug|Any CPU = Debug|Any CPU
		Release|Any CPU = Release|Any CPU
	EndGlobalSection
	GlobalSection(ProjectConfigurationPlatforms) = postSolution
		{99EB0731-CC05-25A2-731A-0B935BCDDD94}.Debug|Any CPU.ActiveCfg = Debug|Any CPU
		{99EB0731-CC05-25A2-731A-0B935BCDDD94}.Debug|Any CPU.Build.0 = Debug|Any CPU
		{99EB0731-CC05-25A2-731A-0B935BCDDD94}.Release|Any CPU.ActiveCfg = Release|Any CPU
		{99EB0731-CC05-25A2-731A-0B935BCDDD94}.Release|Any CPU.Build.0 = Release|Any CPU
	EndGlobalSection
	GlobalSection(SolutionProperties) = preSolution
		HideSolutionNode = FALSE
	EndGlobalSection
	GlobalSection(ExtensibilityGlobals) = postSolution
		SolutionGuid = {3032E0E0-6B0F-4DD3-AF9D-F08882C4ABAE}
	EndGlobalSection
EndGlobal
