Microsoft Visual Studio Solution File, Format Version 12.00
# Visual Studio Version 17
VisualStudioVersion = 17.5.2.0
MinimumVisualStudioVersion = 10.0.40219.1
Project("{FAE04EC0-301F-11D3-BF4B-00C04F79EFBC}") = "M3_Design-Resilient-Code-With-Interfaces", "M3_Design-Resilient-Code-With-Interfaces.csproj", "{A852A69F-F708-B500-C4FB-0D14DE392B88}"
EndProject
Global
	GlobalSection(SolutionConfigurationPlatforms) = preSolution
		Debug|Any CPU = Debug|Any CPU
		Release|Any CPU = Release|Any CPU
	EndGlobalSection
	GlobalSection(ProjectConfigurationPlatforms) = postSolution
		{A852A69F-F708-B500-C4FB-0D14DE392B88}.Debug|Any CPU.ActiveCfg = Debug|Any CPU
		{A852A69F-F708-B500-C4FB-0D14DE392B88}.Debug|Any CPU.Build.0 = Debug|Any CPU
		{A852A69F-F708-B500-C4FB-0D14DE392B88}.Release|Any CPU.ActiveCfg = Release|Any CPU
		{A852A69F-F708-B500-C4FB-0D14DE392B88}.Release|Any CPU.Build.0 = Release|Any CPU
	EndGlobalSection
	GlobalSection(SolutionProperties) = preSolution
		HideSolutionNode = FALSE
	EndGlobalSection
	GlobalSection(ExtensibilityGlobals) = postSolution
		SolutionGuid = {0CED3105-8F2C-406A-BC9B-F79F86EA4B40}
	EndGlobalSection
EndGlobal
